
Microsoft Visual Studio Solution File, Format Version 10.00
# Visual Studio 2008
Project("{FAE04EC0-301F-11D3-BF4B-00C04F79EFBC}") = "TypingGame", "TypingGame\TypingGame.csproj", "{DA72222C-E2FB-4B4D-9B1E-A66008C178B6}"
EndProject
Project("{FAE04EC0-301F-11D3-BF4B-00C04F79EFBC}") = "TypingGameTest", "TypingGameTest\TypingGameTest.csproj", "{A310CEE4-BD6C-4B0A-9180-314D9D6281E7}"
EndProject
Global
	GlobalSection(SolutionConfigurationPlatforms) = preSolution
		Debug|Any CPU = Debug|Any CPU
		Release|Any CPU = Release|Any CPU
	EndGlobalSection
	GlobalSection(ProjectConfigurationPlatforms) = postSolution
		{DA72222C-E2FB-4B4D-9B1E-A66008C178B6}.Debug|Any CPU.ActiveCfg = Debug|Any CPU
		{DA72222C-E2FB-4B4D-9B1E-A66008C178B6}.Debug|Any CPU.Build.0 = Debug|Any CPU
		{DA72222C-E2FB-4B4D-9B1E-A66008C178B6}.Release|Any CPU.ActiveCfg = Release|Any CPU
		{DA72222C-E2FB-4B4D-9B1E-A66008C178B6}.Release|Any CPU.Build.0 = Release|Any CPU
		{A310CEE4-BD6C-4B0A-9180-314D9D6281E7}.Debug|Any CPU.ActiveCfg = Debug|Any CPU
		{A310CEE4-BD6C-4B0A-9180-314D9D6281E7}.Debug|Any CPU.Build.0 = Debug|Any CPU
		{A310CEE4-BD6C-4B0A-9180-314D9D6281E7}.Release|Any CPU.ActiveCfg = Release|Any CPU
		{A310CEE4-BD6C-4B0A-9180-314D9D6281E7}.Release|Any CPU.Build.0 = Release|Any CPU
	EndGlobalSection
	GlobalSection(SolutionProperties) = preSolution
		HideSolutionNode = FALSE
	EndGlobalSection
EndGlobal
